# THIS IS AN AUTOGENERATED FILE. DO NOT EDIT THIS FILE DIRECTLY.
# yarn lockfile v1


"@types/engine.io@*":
  version "3.1.4"
  resolved "https://registry.yarnpkg.com/@types/engine.io/-/engine.io-3.1.4.tgz#3d9472711d179daa7c95c051e50ad411e18a9bdc"
  integrity sha512-98rXVukLD6/ozrQ2O80NAlWDGA4INg+tqsEReWJldqyi2fulC9V7Use/n28SWgROXKm6003ycWV4gZHoF8GA6w==
  dependencies:
    "@types/node" "*"

"@types/node@*":
  version "14.0.23"
  resolved "https://registry.yarnpkg.com/@types/node/-/node-14.0.23.tgz#676fa0883450ed9da0bb24156213636290892806"
  integrity sha512-Z4U8yDAl5TFkmYsZdFPdjeMa57NOvnaf1tljHzhouaPEp7LCj2JKkejpI1ODviIAQuW4CcQmxkQ77rnLsOOoKw==

"@types/socket.io@^2.1.8":
  version "2.1.8"
  resolved "https://registry.yarnpkg.com/@types/socket.io/-/socket.io-2.1.8.tgz#ffc3aac0163a58bf50a463d50b1baabed91638cc"
  integrity sha512-NIQfh9WwJuJKlgmby4NgwMpoBOmNPCDgaRNPiLYZBtkbHkszK/9R52B5yGkd5a34rbVdAADuo8FhOS/5AZDemw==
  dependencies:
    "@types/engine.io" "*"
    "@types/node" "*"
